<?xml version="1.0" encoding="utf-8"?>
<Project ToolsVersion="4.0" xmlns="http://schemas.microsoft.com/developer/msbuild/2003">
  <ItemGroup>
    <Filter Include="Source Files">
      <UniqueIdentifier>{4FC737F1-C7A5-4376-A066-2A32D752A2FF}</UniqueIdentifier>
      <Extensions>cpp;c;cc;cxx;def;odl;idl;hpj;bat;asm;asmx</Extensions>
    </Filter>
    <Filter Include="Header Files">
      <UniqueIdentifier>{93995380-89BD-4b04-88EB-625FBE52EBFB}</UniqueIdentifier>
      <Extensions>h;hh;hpp;hxx;hm;inl;inc;xsd</Extensions>
    </Filter>
    <Filter Include="Header Files\boost_1_57">
      <UniqueIdentifier>{dcb85650-07fd-4855-8432-08bd4f7d57b1}</UniqueIdentifier>
    </Filter>
    <Filter Include="Header Files\boost_1_57\interprocess">
      <UniqueIdentifier>{d3b84427-a1e4-47a3-9d8f-e503954c0bf2}</UniqueIdentifier>
    </Filter>
    <Filter Include="Header Files\boost_1_57\interprocess\ipc">
      <UniqueIdentifier>{98d7dac0-c598-4bda-bfcb-df30f74dc4ff}</UniqueIdentifier>
    </Filter>
    <Filter Include="Resource Files">
      <UniqueIdentifier>{a81c6450-dc9e-41f1-bd19-f2f12cd894ba}</UniqueIdentifier>
    </Filter>
  </ItemGroup>
  <ItemGroup>
    <ClCompile Include="src\main.cpp">
      <Filter>Source Files</Filter>
    </ClCompile>
    <ClCompile Include="src\test_sound.cpp">
      <Filter>Source Files</Filter>
    </ClCompile>
    <ClCompile Include="src\logger.cpp">
      <Filter>Source Files</Filter>
    </ClCompile>
    <ClCompile Include="src\debug.cpp">
      <Filter>Source Files</Filter>
    </ClCompile>
    <ClCompile Include="src\utilities.cpp">
      <Filter>Source Files</Filter>
    </ClCompile>
    <ClCompile Include="src\vo_gui.cpp">
      <Filter>Source Files</Filter>
    </ClCompile>
    <ClCompile Include="src\vo_ts3plugin.cpp">
      <Filter>Source Files</Filter>
    </ClCompile>
    <ClCompile Include="src\audiomonitor_ipc.cpp">
      <Filter>Source Files</Filter>
    </ClCompile>
    <ClCompile Include="src\audiomonitor_wasapi.cpp">
      <Filter>Source Files</Filter>
    </ClCompile>
  </ItemGroup>
  <ItemGroup>
    <ClInclude Include="volumeoptions\vo_settings.h">
      <Filter>Header Files</Filter>
    </ClInclude>
    <ClInclude Include="volumeoptions\test_sound.h">
      <Filter>Header Files</Filter>
    </ClInclude>
    <ClInclude Include="volumeoptions\debug.h">
      <Filter>Header Files</Filter>
    </ClInclude>
    <ClInclude Include="volumeoptions\logger.hpp">
      <Filter>Header Files</Filter>
    </ClInclude>
    <ClInclude Include="volumeoptions\async_queue.h">
      <Filter>Header Files</Filter>
    </ClInclude>
    <ClInclude Include="volumeoptions\utilities.h">
      <Filter>Header Files</Filter>
    </ClInclude>
    <ClInclude Include="volumeoptions\boost\interprocess\ipc\message_queue_win.hpp">
      <Filter>Header Files\boost_1_57\interprocess\ipc</Filter>
    </ClInclude>
    <ClInclude Include="resources\gui_resource.h">
      <Filter>Resource Files</Filter>
    </ClInclude>
    <ClInclude Include="volumeoptions\version.h">
      <Filter>Header Files</Filter>
    </ClInclude>
    <ClInclude Include="volumeoptions\config.h">
      <Filter>Header Files</Filter>
    </ClInclude>
    <ClInclude Include="volumeoptions\vo_ts3plugin.h">
      <Filter>Header Files</Filter>
    </ClInclude>
    <ClInclude Include="volumeoptions\vo_gui.h">
      <Filter>Header Files</Filter>
    </ClInclude>
    <ClInclude Include="volumeoptions\audiomonitor_wasapi.h">
      <Filter>Header Files</Filter>
    </ClInclude>
    <ClInclude Include="volumeoptions\audiomonitor_ipc.h">
      <Filter>Header Files</Filter>
    </ClInclude>
  </ItemGroup>
  <ItemGroup>
    <Text Include="..\VO_readme_TODOS.txt" />
  </ItemGroup>
  <ItemGroup>
    <ResourceCompile Include="resources\gui_resource.rc">
      <Filter>Resource Files</Filter>
    </ResourceCompile>
  </ItemGroup>
</Project>